# This file is automatically @generated by Poetry and should not be changed by hand.

[[package]]
name = "certifi"
version = "2022.12.7"
description = "Python package for providing Mozilla's CA Bundle."
category = "main"
optional = false
python-versions = ">=3.6"
files = [
    {file = "certifi-2022.12.7-py3-none-any.whl", hash = "sha256:4ad3232f5e926d6718ec31cfc1fcadfde020920e278684144551c91769c7bc18"},
    {file = "certifi-2022.12.7.tar.gz", hash = "sha256:35824b4c3a97115964b408844d64aa14db1cc518f6562e8d7261699d1350a9e3"},
]

[[package]]
name = "charset-normalizer"
version = "2.1.1"
description = "The Real First Universal Charset Detector. Open, modern and actively maintained alternative to Chardet."
category = "main"
optional = false
python-versions = ">=3.6.0"
files = [
    {file = "charset-normalizer-2.1.1.tar.gz", hash = "sha256:5a3d016c7c547f69d6f81fb0db9449ce888b418b5b9952cc5e6e66843e9dd845"},
    {file = "charset_normalizer-2.1.1-py3-none-any.whl", hash = "sha256:83e9a75d1911279afd89352c68b45348559d1fc0506b054b346651b5e7fee29f"},
]

[package.extras]
unicode-backport = ["unicodedata2"]

[[package]]
name = "click"
version = "8.1.3"
description = "Composable command line interface toolkit"
category = "main"
optional = false
python-versions = ">=3.7"
files = [
    {file = "click-8.1.3-py3-none-any.whl", hash = "sha256:bb4d8133cb15a609f44e8213d9b391b0809795062913b383c62be0ee95b1db48"},
    {file = "click-8.1.3.tar.gz", hash = "sha256:7682dc8afb30297001674575ea00d1814d808d6a36af415a82bd481d37ba7b8e"},
]

[package.dependencies]
colorama = {version = "*", markers = "platform_system == \"Windows\""}

[[package]]
name = "colorama"
version = "0.4.6"
description = "Cross-platform colored terminal text."
category = "main"
optional = false
python-versions = "!=3.0.*,!=3.1.*,!=3.2.*,!=3.3.*,!=3.4.*,!=3.5.*,!=3.6.*,>=2.7"
files = [
    {file = "colorama-0.4.6-py2.py3-none-any.whl", hash = "sha256:4f1d9991f5acc0ca119f9d443620b77f9d6b33703e51011c16baf57afb285fc6"},
    {file = "colorama-0.4.6.tar.gz", hash = "sha256:08695f5cb7ed6e0531a20572697297273c47b8cae5a63ffc6d6ed5c201be6e44"},
]

[[package]]
name = "greenlet"
version = "2.0.0.post0"
description = "Lightweight in-process concurrent programming"
category = "dev"
optional = false
python-versions = ">=2.7,!=3.0.*,!=3.1.*,!=3.2.*,!=3.3.*,!=3.4.*"
files = [
    {file = "greenlet-2.0.0.post0-cp27-cp27m-macosx_10_14_x86_64.whl", hash = "sha256:b75e5644cc353328cd57ec8dafaaf5f81b2c3ecf7c4b278b907e99ad53ba7839"},
    {file = "greenlet-2.0.0.post0-cp27-cp27m-manylinux2010_x86_64.whl", hash = "sha256:35827f98fd0d768862b8f15777e6dbb03fe6ac6e7bd1bee3f3ded4536f350347"},
    {file = "greenlet-2.0.0.post0-cp27-cp27m-win32.whl", hash = "sha256:b31de27313abbb567c528ed123380fcf18a5dfd03134570dfd12227e21ac1184"},
    {file = "greenlet-2.0.0.post0-cp27-cp27m-win_amd64.whl", hash = "sha256:b8cfc8fc944bd7b704691bc28225a2635e377e92dc413459845868d3f7724982"},
    {file = "greenlet-2.0.0.post0-cp27-cp27mu-manylinux2010_x86_64.whl", hash = "sha256:029ca674b3a7e8427db8f5c65d5ed4e24a7417af2a415a5958598aefd71980c4"},
    {file = "greenlet-2.0.0.post0-cp310-cp310-macosx_10_15_x86_64.whl", hash = "sha256:13d492a807a5c7334b5931e9b6d9b181991ccc6a40555a7b177f189feff59b4b"},
    {file = "greenlet-2.0.0.post0-cp310-cp310-manylinux_2_17_aarch64.manylinux2014_aarch64.whl", hash = "sha256:30ce47525f9a1515566429ac7de6b1ae76d32c3ccede256e3517a1a6419cf659"},
    {file = "greenlet-2.0.0.post0-cp310-cp310-manylinux_2_17_ppc64le.manylinux2014_ppc64le.whl", hash = "sha256:d9453135e48cd631e3e9f06d9da9100d17c9f662e4a6d8b552c29be6c834a6b9"},
    {file = "greenlet-2.0.0.post0-cp310-cp310-manylinux_2_17_x86_64.manylinux2014_x86_64.whl", hash = "sha256:c2055c52260808d87622293b57df1c68aeb12ddd8a0cfc0223fb57a5f629e202"},
    {file = "greenlet-2.0.0.post0-cp310-cp310-musllinux_1_1_aarch64.whl", hash = "sha256:118e708dd7bc88beaeeaa5a8601a7743b8835b7bbaf7c8f23ffa78f8bc8faf28"},
    {file = "greenlet-2.0.0.post0-cp310-cp310-musllinux_1_1_x86_64.whl", hash = "sha256:0fee3240093b745efc857392f09379514ad84db4ca324514594bbdf6380016c8"},
    {file = "greenlet-2.0.0.post0-cp310-cp310-win_amd64.whl", hash = "sha256:3407b843b05da71fef0f1dd666059c08ad0e0f4afc3b9c93c998a2e53fac95e5"},
    {file = "greenlet-2.0.0.post0-cp311-cp311-macosx_10_9_universal2.whl", hash = "sha256:0a5c03e2a68ec2ff1cba74ceaed899ec8cd353285f4f985c30c8cfbef9d3a3be"},
    {file = "greenlet-2.0.0.post0-cp311-cp311-manylinux_2_17_aarch64.manylinux2014_aarch64.whl", hash = "sha256:5e22485256bb1c60bbcc6f8509b1a11042358a2462d5ecdb9a82dc472d2fdd60"},
    {file = "greenlet-2.0.0.post0-cp311-cp311-manylinux_2_17_ppc64le.manylinux2014_ppc64le.whl", hash = "sha256:7e9e0d4c5c618b0442396715ffe6c2f84a60d593dad7e0184388aed36d568a65"},
    {file = "greenlet-2.0.0.post0-cp311-cp311-manylinux_2_17_x86_64.manylinux2014_x86_64.whl", hash = "sha256:697cfbfc19815c40213badcfe5f076418e0f9100cd25a66f513f32c1026b8bf4"},
    {file = "greenlet-2.0.0.post0-cp311-cp311-musllinux_1_1_aarch64.whl", hash = "sha256:4e144ab0de56b4d2a2cf0d2fb9d568b59fce49aab3e129badf17c12b0252047d"},
    {file = "greenlet-2.0.0.post0-cp311-cp311-musllinux_1_1_x86_64.whl", hash = "sha256:4c4310f0e42154995d92810f27b44ab7116a4a696feb0ff141ae2de59196efd7"},
    {file = "greenlet-2.0.0.post0-cp311-cp311-win_amd64.whl", hash = "sha256:8b7e5191b974fb66fcbac1818ba494d3512da9cf6eaef7acd952f9862eaaa20c"},
    {file = "greenlet-2.0.0.post0-cp35-cp35m-macosx_10_14_x86_64.whl", hash = "sha256:3c3327da2bdab61078e42e695307465c425671a5a9251e6c29ee130d51943f28"},
    {file = "greenlet-2.0.0.post0-cp35-cp35m-manylinux2010_x86_64.whl", hash = "sha256:b043782c8f6cccc8fae3a16db397eca1d36a41b0706cbf6f514aea1e1a260bab"},
    {file = "greenlet-2.0.0.post0-cp35-cp35m-win32.whl", hash = "sha256:6fc73fc8dd81d9efa842a55033b6b4cb233b134a0270e127c6874d053ef2049b"},
    {file = "greenlet-2.0.0.post0-cp35-cp35m-win_amd64.whl", hash = "sha256:4cfa629de5b2dea27c81b334c4536463e9a49ac0877e2008a276d58d4c72868a"},
    {file = "greenlet-2.0.0.post0-cp36-cp36m-macosx_10_14_x86_64.whl", hash = "sha256:08dc04f49ed1ea5e6772bb5e8cf2a77d1b1744566f4eca471a55b35af1278b31"},
    {file = "greenlet-2.0.0.post0-cp36-cp36m-manylinux2010_x86_64.whl", hash = "sha256:3a22e5988f9d66b3e9ae9583bf9d8ef792b09f23afeb78707e6a4f47ab57cc5e"},
    {file = "greenlet-2.0.0.post0-cp36-cp36m-manylinux_2_17_aarch64.manylinux2014_aarch64.whl", hash = "sha256:6393ec3cecda53b20241e88bc33d87cbd8126cc10870fc69fa16ca2e20a5ac1b"},
    {file = "greenlet-2.0.0.post0-cp36-cp36m-manylinux_2_17_ppc64le.manylinux2014_ppc64le.whl", hash = "sha256:dd0198006278291d9469309d655093df1f5e5107c0261e242b5f390baee32199"},
    {file = "greenlet-2.0.0.post0-cp36-cp36m-manylinux_2_17_x86_64.manylinux2014_x86_64.whl", hash = "sha256:3ca723dfc2789c1fb991809822811896b198ecf0909dbccea4a07170d18c3e1b"},
    {file = "greenlet-2.0.0.post0-cp36-cp36m-musllinux_1_1_aarch64.whl", hash = "sha256:e56a5a9f303e3ac011ba445a6d84f05d08666bf8db094afafcec5228622c30f5"},
    {file = "greenlet-2.0.0.post0-cp36-cp36m-musllinux_1_1_x86_64.whl", hash = "sha256:4bbe2d074292e3646704371eb640ee52c386d633ed72ff223dadcd3fe8ecd8f9"},
    {file = "greenlet-2.0.0.post0-cp36-cp36m-win32.whl", hash = "sha256:335dcf676d5e4122e4006c16ae11eda2467af5461b949c265ce120b6b959ffe2"},
    {file = "greenlet-2.0.0.post0-cp36-cp36m-win_amd64.whl", hash = "sha256:8c80e9c41a83d8c90399af8c7dcdeae0c03c48b40b9d0ab84457533d5d7882bf"},
    {file = "greenlet-2.0.0.post0-cp37-cp37m-macosx_10_15_x86_64.whl", hash = "sha256:e93ae35f0fd3caf75e58c76a1cab71e6ece169aaa1b281782ef9efde0a6b83f2"},
    {file = "greenlet-2.0.0.post0-cp37-cp37m-manylinux2010_x86_64.whl", hash = "sha256:1cac9e9895aeff26434325404558783ee54f4ff3aec8daa56b8706796f7b01a0"},
    {file = "greenlet-2.0.0.post0-cp37-cp37m-manylinux_2_17_aarch64.manylinux2014_aarch64.whl", hash = "sha256:2bab49783858cf724fff6868395cbeb81d1188cba23616b53e79de0beda29f42"},
    {file = "greenlet-2.0.0.post0-cp37-cp37m-manylinux_2_17_ppc64le.manylinux2014_ppc64le.whl", hash = "sha256:56565ac9ab4ff3dd473bfe959e0bf2a5062aabb89b7c94cabb417beb162c9fff"},
    {file = "greenlet-2.0.0.post0-cp37-cp37m-manylinux_2_17_x86_64.manylinux2014_x86_64.whl", hash = "sha256:02bdb1e373b275bd705c43b249426e776c4f8a8ff2afaf8ec5ea0dde487d8a14"},
    {file = "greenlet-2.0.0.post0-cp37-cp37m-musllinux_1_1_aarch64.whl", hash = "sha256:eb36b6570646227a63eda03916f1cc6f3744ee96d28f7a0a5629c59267a8055f"},
    {file = "greenlet-2.0.0.post0-cp37-cp37m-musllinux_1_1_x86_64.whl", hash = "sha256:22eca421e3f2f3c18f4f54c0ff525aa9d397c6f116fce9ebd37b420174dbc027"},
    {file = "greenlet-2.0.0.post0-cp37-cp37m-win32.whl", hash = "sha256:f8c425a130e04d5404edaf6f5906e5ab12f3aa1168a1828aba6dfadac5910469"},
    {file = "greenlet-2.0.0.post0-cp37-cp37m-win_amd64.whl", hash = "sha256:81fdcf7c0c2df46a99ca421a552c4370117851c5e4dbd6cb53d569b896d62322"},
    {file = "greenlet-2.0.0.post0-cp38-cp38-macosx_10_15_x86_64.whl", hash = "sha256:538c9e8f65a32413ace426f8117ef019021adf8175f7c491fed65f5fe2083e0c"},
    {file = "greenlet-2.0.0.post0-cp38-cp38-manylinux2010_x86_64.whl", hash = "sha256:a339e510a079dc8372e39ce1c7629414db51966235c9670c58d529def79243a2"},
    {file = "greenlet-2.0.0.post0-cp38-cp38-manylinux_2_17_aarch64.manylinux2014_aarch64.whl", hash = "sha256:9f2f110b9cc325f6543e0e3f4ab8008c272a59052f9464047c29d4be4511ce05"},
    {file = "greenlet-2.0.0.post0-cp38-cp38-manylinux_2_17_ppc64le.manylinux2014_ppc64le.whl", hash = "sha256:2fbdec204ca40b3d0c0992a19c1ba627441c17983ac4ffc45baec7f5f53e20ca"},
    {file = "greenlet-2.0.0.post0-cp38-cp38-manylinux_2_17_x86_64.manylinux2014_x86_64.whl", hash = "sha256:46156ae88ee71c37b6c4f7af63fff5d3ab8f45ef72e1a660bcf6386c1647f106"},
    {file = "greenlet-2.0.0.post0-cp38-cp38-musllinux_1_1_aarch64.whl", hash = "sha256:6a1a6745c5dce202aa3f29a1736c53cf2179e9c3b280dc62cea9cb8c69977c83"},
    {file = "greenlet-2.0.0.post0-cp38-cp38-musllinux_1_1_x86_64.whl", hash = "sha256:08f44e938d142271b954405afb6570e0be48a9f556b6bf4d42d2e3ae6a251fad"},
    {file = "greenlet-2.0.0.post0-cp38-cp38-win32.whl", hash = "sha256:d0e210e17a6181a3fd3f8dce957043a4e74177ffa9f295514984b2b633940dce"},
    {file = "greenlet-2.0.0.post0-cp38-cp38-win_amd64.whl", hash = "sha256:00ebdaf0fa51c284fd2172837d751731a15971e0c20d1a9163cfbdf620ce8b49"},
    {file = "greenlet-2.0.0.post0-cp39-cp39-macosx_10_15_x86_64.whl", hash = "sha256:c416106b3b8e905b6ab0e84ec90047a6401021aa023f9aa93978e57cd8f8189f"},
    {file = "greenlet-2.0.0.post0-cp39-cp39-manylinux2010_x86_64.whl", hash = "sha256:8b26932be686f3582df039d79fe96f7ca13d63b39468162f816f9ff29584b9a4"},
    {file = "greenlet-2.0.0.post0-cp39-cp39-manylinux_2_17_aarch64.manylinux2014_aarch64.whl", hash = "sha256:602a69c24f1a9755dd1760b3b31bdfc495c4613260c876a01b7e6d5eb9bcae1b"},
    {file = "greenlet-2.0.0.post0-cp39-cp39-manylinux_2_17_ppc64le.manylinux2014_ppc64le.whl", hash = "sha256:666d2a0b269a68cd4fe0976544ab97970c5334d35d0e47ae9be1723f734d8204"},
    {file = "greenlet-2.0.0.post0-cp39-cp39-manylinux_2_17_x86_64.manylinux2014_x86_64.whl", hash = "sha256:4ea67f303cec384b148774667c7e3cf02311e7026fc02bdcdcd206dfe4ea4fc9"},
    {file = "greenlet-2.0.0.post0-cp39-cp39-musllinux_1_1_aarch64.whl", hash = "sha256:2146d15429b4eeb412428737594acb5660a5bc0fdd1488d8a2a74a5ee32391fa"},
    {file = "greenlet-2.0.0.post0-cp39-cp39-musllinux_1_1_x86_64.whl", hash = "sha256:21ee1ae26d072b195edea764218623f6c15eba4ae06816908f33c82e0af018d3"},
    {file = "greenlet-2.0.0.post0-cp39-cp39-win32.whl", hash = "sha256:e1781bda1e787d3ad33788cc3be47f6e47a9581676d02670c15ee36c9460adfe"},
    {file = "greenlet-2.0.0.post0-cp39-cp39-win_amd64.whl", hash = "sha256:6442bbfb047dc1e47658954b72e1589f2bc4e12e67d51bbad0059a626180daa1"},
    {file = "greenlet-2.0.0.post0.tar.gz", hash = "sha256:ad9abc3e4d2370cecb524421cc5c8a664006aa11d5c1cb3c9250e3bf65ab546e"},
]

[package.extras]
docs = ["Sphinx", "docutils (<0.18)"]
test = ["faulthandler", "objgraph"]

[[package]]
name = "idna"
version = "3.4"
description = "Internationalized Domain Names in Applications (IDNA)"
category = "main"
optional = false
python-versions = ">=3.5"
files = [
    {file = "idna-3.4-py3-none-any.whl", hash = "sha256:90b77e79eaa3eba6de819a0c442c0b4ceefc341a7a2ab77d7562bf49f425c5c2"},
    {file = "idna-3.4.tar.gz", hash = "sha256:814f528e8dead7d329833b91c5faa87d60bf71824cd12a7530b5526063d02cb4"},
]

[[package]]
name = "msgpack"
version = "1.0.4"
description = "MessagePack serializer"
category = "dev"
optional = false
python-versions = "*"
files = [
    {file = "msgpack-1.0.4-cp310-cp310-macosx_10_9_universal2.whl", hash = "sha256:4ab251d229d10498e9a2f3b1e68ef64cb393394ec477e3370c457f9430ce9250"},
    {file = "msgpack-1.0.4-cp310-cp310-macosx_10_9_x86_64.whl", hash = "sha256:112b0f93202d7c0fef0b7810d465fde23c746a2d482e1e2de2aafd2ce1492c88"},
    {file = "msgpack-1.0.4-cp310-cp310-macosx_11_0_arm64.whl", hash = "sha256:002b5c72b6cd9b4bafd790f364b8480e859b4712e91f43014fe01e4f957b8467"},
    {file = "msgpack-1.0.4-cp310-cp310-manylinux_2_17_aarch64.manylinux2014_aarch64.whl", hash = "sha256:35bc0faa494b0f1d851fd29129b2575b2e26d41d177caacd4206d81502d4c6a6"},
    {file = "msgpack-1.0.4-cp310-cp310-manylinux_2_17_x86_64.manylinux2014_x86_64.whl", hash = "sha256:4733359808c56d5d7756628736061c432ded018e7a1dff2d35a02439043321aa"},
    {file = "msgpack-1.0.4-cp310-cp310-manylinux_2_5_i686.manylinux1_i686.manylinux_2_17_i686.manylinux2014_i686.whl", hash = "sha256:eb514ad14edf07a1dbe63761fd30f89ae79b42625731e1ccf5e1f1092950eaa6"},
    {file = "msgpack-1.0.4-cp310-cp310-musllinux_1_1_aarch64.whl", hash = "sha256:c23080fdeec4716aede32b4e0ef7e213c7b1093eede9ee010949f2a418ced6ba"},
    {file = "msgpack-1.0.4-cp310-cp310-musllinux_1_1_i686.whl", hash = "sha256:49565b0e3d7896d9ea71d9095df15b7f75a035c49be733051c34762ca95bbf7e"},
    {file = "msgpack-1.0.4-cp310-cp310-musllinux_1_1_x86_64.whl", hash = "sha256:aca0f1644d6b5a73eb3e74d4d64d5d8c6c3d577e753a04c9e9c87d07692c58db"},
    {file = "msgpack-1.0.4-cp310-cp310-win32.whl", hash = "sha256:0dfe3947db5fb9ce52aaea6ca28112a170db9eae75adf9339a1aec434dc954ef"},
    {file = "msgpack-1.0.4-cp310-cp310-win_amd64.whl", hash = "sha256:4dea20515f660aa6b7e964433b1808d098dcfcabbebeaaad240d11f909298075"},
    {file = "msgpack-1.0.4-cp36-cp36m-macosx_10_9_x86_64.whl", hash = "sha256:e83f80a7fec1a62cf4e6c9a660e39c7f878f603737a0cdac8c13131d11d97f52"},
    {file = "msgpack-1.0.4-cp36-cp36m-manylinux_2_17_aarch64.manylinux2014_aarch64.whl", hash = "sha256:3c11a48cf5e59026ad7cb0dc29e29a01b5a66a3e333dc11c04f7e991fc5510a9"},
    {file = "msgpack-1.0.4-cp36-cp36m-manylinux_2_17_x86_64.manylinux2014_x86_64.whl", hash = "sha256:1276e8f34e139aeff1c77a3cefb295598b504ac5314d32c8c3d54d24fadb94c9"},
    {file = "msgpack-1.0.4-cp36-cp36m-manylinux_2_5_i686.manylinux1_i686.manylinux_2_17_i686.manylinux2014_i686.whl", hash = "sha256:6c9566f2c39ccced0a38d37c26cc3570983b97833c365a6044edef3574a00c08"},
    {file = "msgpack-1.0.4-cp36-cp36m-musllinux_1_1_aarch64.whl", hash = "sha256:fcb8a47f43acc113e24e910399376f7277cf8508b27e5b88499f053de6b115a8"},
    {file = "msgpack-1.0.4-cp36-cp36m-musllinux_1_1_i686.whl", hash = "sha256:76ee788122de3a68a02ed6f3a16bbcd97bc7c2e39bd4d94be2f1821e7c4a64e6"},
    {file = "msgpack-1.0.4-cp36-cp36m-musllinux_1_1_x86_64.whl", hash = "sha256:0a68d3ac0104e2d3510de90a1091720157c319ceeb90d74f7b5295a6bee51bae"},
    {file = "msgpack-1.0.4-cp36-cp36m-win32.whl", hash = "sha256:85f279d88d8e833ec015650fd15ae5eddce0791e1e8a59165318f371158efec6"},
    {file = "msgpack-1.0.4-cp36-cp36m-win_amd64.whl", hash = "sha256:c1683841cd4fa45ac427c18854c3ec3cd9b681694caf5bff04edb9387602d661"},
    {file = "msgpack-1.0.4-cp37-cp37m-macosx_10_9_x86_64.whl", hash = "sha256:a75dfb03f8b06f4ab093dafe3ddcc2d633259e6c3f74bb1b01996f5d8aa5868c"},
    {file = "msgpack-1.0.4-cp37-cp37m-manylinux_2_17_aarch64.manylinux2014_aarch64.whl", hash = "sha256:9667bdfdf523c40d2511f0e98a6c9d3603be6b371ae9a238b7ef2dc4e7a427b0"},
    {file = "msgpack-1.0.4-cp37-cp37m-manylinux_2_17_x86_64.manylinux2014_x86_64.whl", hash = "sha256:11184bc7e56fd74c00ead4f9cc9a3091d62ecb96e97653add7a879a14b003227"},
    {file = "msgpack-1.0.4-cp37-cp37m-manylinux_2_5_i686.manylinux1_i686.manylinux_2_17_i686.manylinux2014_i686.whl", hash = "sha256:ac5bd7901487c4a1dd51a8c58f2632b15d838d07ceedaa5e4c080f7190925bff"},
    {file = "msgpack-1.0.4-cp37-cp37m-musllinux_1_1_aarch64.whl", hash = "sha256:1e91d641d2bfe91ba4c52039adc5bccf27c335356055825c7f88742c8bb900dd"},
    {file = "msgpack-1.0.4-cp37-cp37m-musllinux_1_1_i686.whl", hash = "sha256:2a2df1b55a78eb5f5b7d2a4bb221cd8363913830145fad05374a80bf0877cb1e"},
    {file = "msgpack-1.0.4-cp37-cp37m-musllinux_1_1_x86_64.whl", hash = "sha256:545e3cf0cf74f3e48b470f68ed19551ae6f9722814ea969305794645da091236"},
    {file = "msgpack-1.0.4-cp37-cp37m-win32.whl", hash = "sha256:2cc5ca2712ac0003bcb625c96368fd08a0f86bbc1a5578802512d87bc592fe44"},
    {file = "msgpack-1.0.4-cp37-cp37m-win_amd64.whl", hash = "sha256:eba96145051ccec0ec86611fe9cf693ce55f2a3ce89c06ed307de0e085730ec1"},
    {file = "msgpack-1.0.4-cp38-cp38-macosx_10_9_universal2.whl", hash = "sha256:7760f85956c415578c17edb39eed99f9181a48375b0d4a94076d84148cf67b2d"},
    {file = "msgpack-1.0.4-cp38-cp38-macosx_10_9_x86_64.whl", hash = "sha256:449e57cc1ff18d3b444eb554e44613cffcccb32805d16726a5494038c3b93dab"},
    {file = "msgpack-1.0.4-cp38-cp38-macosx_11_0_arm64.whl", hash = "sha256:d603de2b8d2ea3f3bcb2efe286849aa7a81531abc52d8454da12f46235092bcb"},
    {file = "msgpack-1.0.4-cp38-cp38-manylinux_2_17_aarch64.manylinux2014_aarch64.whl", hash = "sha256:48f5d88c99f64c456413d74a975bd605a9b0526293218a3b77220a2c15458ba9"},
    {file = "msgpack-1.0.4-cp38-cp38-manylinux_2_17_x86_64.manylinux2014_x86_64.whl", hash = "sha256:6916c78f33602ecf0509cc40379271ba0f9ab572b066bd4bdafd7434dee4bc6e"},
    {file = "msgpack-1.0.4-cp38-cp38-manylinux_2_5_i686.manylinux1_i686.manylinux_2_17_i686.manylinux2014_i686.whl", hash = "sha256:81fc7ba725464651190b196f3cd848e8553d4d510114a954681fd0b9c479d7e1"},
    {file = "msgpack-1.0.4-cp38-cp38-musllinux_1_1_aarch64.whl", hash = "sha256:d5b5b962221fa2c5d3a7f8133f9abffc114fe218eb4365e40f17732ade576c8e"},
    {file = "msgpack-1.0.4-cp38-cp38-musllinux_1_1_i686.whl", hash = "sha256:77ccd2af37f3db0ea59fb280fa2165bf1b096510ba9fe0cc2bf8fa92a22fdb43"},
    {file = "msgpack-1.0.4-cp38-cp38-musllinux_1_1_x86_64.whl", hash = "sha256:b17be2478b622939e39b816e0aa8242611cc8d3583d1cd8ec31b249f04623243"},
    {file = "msgpack-1.0.4-cp38-cp38-win32.whl", hash = "sha256:2bb8cdf50dd623392fa75525cce44a65a12a00c98e1e37bf0fb08ddce2ff60d2"},
    {file = "msgpack-1.0.4-cp38-cp38-win_amd64.whl", hash = "sha256:26b8feaca40a90cbe031b03d82b2898bf560027160d3eae1423f4a67654ec5d6"},
    {file = "msgpack-1.0.4-cp39-cp39-macosx_10_9_universal2.whl", hash = "sha256:462497af5fd4e0edbb1559c352ad84f6c577ffbbb708566a0abaaa84acd9f3ae"},
    {file = "msgpack-1.0.4-cp39-cp39-macosx_10_9_x86_64.whl", hash = "sha256:2999623886c5c02deefe156e8f869c3b0aaeba14bfc50aa2486a0415178fce55"},
    {file = "msgpack-1.0.4-cp39-cp39-macosx_11_0_arm64.whl", hash = "sha256:f0029245c51fd9473dc1aede1160b0a29f4a912e6b1dd353fa6d317085b219da"},
    {file = "msgpack-1.0.4-cp39-cp39-manylinux_2_17_aarch64.manylinux2014_aarch64.whl", hash = "sha256:ed6f7b854a823ea44cf94919ba3f727e230da29feb4a99711433f25800cf747f"},
    {file = "msgpack-1.0.4-cp39-cp39-manylinux_2_17_x86_64.manylinux2014_x86_64.whl", hash = "sha256:0df96d6eaf45ceca04b3f3b4b111b86b33785683d682c655063ef8057d61fd92"},
    {file = "msgpack-1.0.4-cp39-cp39-manylinux_2_5_i686.manylinux1_i686.manylinux_2_17_i686.manylinux2014_i686.whl", hash = "sha256:6a4192b1ab40f8dca3f2877b70e63799d95c62c068c84dc028b40a6cb03ccd0f"},
    {file = "msgpack-1.0.4-cp39-cp39-musllinux_1_1_aarch64.whl", hash = "sha256:0e3590f9fb9f7fbc36df366267870e77269c03172d086fa76bb4eba8b2b46624"},
    {file = "msgpack-1.0.4-cp39-cp39-musllinux_1_1_i686.whl", hash = "sha256:1576bd97527a93c44fa856770197dec00d223b0b9f36ef03f65bac60197cedf8"},
    {file = "msgpack-1.0.4-cp39-cp39-musllinux_1_1_x86_64.whl", hash = "sha256:63e29d6e8c9ca22b21846234913c3466b7e4ee6e422f205a2988083de3b08cae"},
    {file = "msgpack-1.0.4-cp39-cp39-win32.whl", hash = "sha256:fb62ea4b62bfcb0b380d5680f9a4b3f9a2d166d9394e9bbd9666c0ee09a3645c"},
    {file = "msgpack-1.0.4-cp39-cp39-win_amd64.whl", hash = "sha256:4d5834a2a48965a349da1c5a79760d94a1a0172fbb5ab6b5b33cbf8447e109ce"},
    {file = "msgpack-1.0.4.tar.gz", hash = "sha256:f5d869c18f030202eb412f08b28d2afeea553d6613aee89e200d7aca7ef01f5f"},
]

[[package]]
name = "portablemc"
version = "3.2.1"
description = "PortableMC is a module that provides both an API for development of your custom launcher and an executable script to run PortableMC CLI."
category = "main"
optional = false
python-versions = ">=3.6"
files = [
    {file = "portablemc-3.2.1-py3-none-any.whl", hash = "sha256:26d1cf275b0acd0410ba49bb02aebbaf6d6c71c38d5a8da3a5bfa0002acd8a82"},
    {file = "portablemc-3.2.1.tar.gz", hash = "sha256:bffbaa8507cfd193ab4f2172e638340cef1f153ddbc3a7cc1332a47d8fa03fdc"},
]

[[package]]
name = "portablemc-fabric"
version = "2.0.1"
description = "Start Minecraft using the Fabric mod loader using '<exec> start fabric:[<mc-version>[:<loader-version>]]'."
category = "main"
optional = false
python-versions = ">=3.6"
files = [
    {file = "portablemc-fabric-2.0.1.tar.gz", hash = "sha256:5dbfd59f34dd7389dd6b03a09d1899f5eac0a7eb09f6dbb2a7b344389bc33c13"},
    {file = "portablemc_fabric-2.0.1-py3-none-any.whl", hash = "sha256:32f9094e69c8b13f975c4d2a4b3c265eaa75c2af1f2a55c7f2a913c9041ed25a"},
]

[package.dependencies]
portablemc = ">=3,<4"

[[package]]
name = "portablemc-forge"
version = "2.0.1"
description = "Start Minecraft using the Forge mod loader using '<exec> start forge:[<mc-version>]'."
category = "main"
optional = false
python-versions = ">=3.6"
files = [
    {file = "portablemc-forge-2.0.1.tar.gz", hash = "sha256:3c87bda4829ebc1e547873804408ff68670ede5bcea7a6a70860ff761e08724c"},
    {file = "portablemc_forge-2.0.1-py3-none-any.whl", hash = "sha256:064bb050d74c19aab9f4cbb7b41eced6416880bc56af5350fc4cf006031d8a8a"},
]

[package.dependencies]
portablemc = ">=3,<4"

[[package]]
name = "portablemc-quilt"
version = "1.0.0"
description = "Start Minecraft using the Quilt mod loader using '<exec> start quilt:[<mc-version>[:<loader-version>]]'."
category = "main"
optional = false
python-versions = ">=3.6"
files = [
    {file = "portablemc-quilt-1.0.0.tar.gz", hash = "sha256:9eef98a3a953d9e367b26d8044b256ca722817104747469bbff2911d1d1b6466"},
    {file = "portablemc_quilt-1.0.0-py3-none-any.whl", hash = "sha256:e0f47f11609503a79383b8fcdd20301e092eb41f112cd4cefb2e089b6f18bb9b"},
]

[package.dependencies]
portablemc = ">=3,<4"

[[package]]
name = "pynvim"
version = "0.4.3"
description = "Python client to neovim"
category = "dev"
optional = false
python-versions = "*"
files = [
    {file = "pynvim-0.4.3.tar.gz", hash = "sha256:3a795378bde5e8092fbeb3a1a99be9c613d2685542f1db0e5c6fd467eed56dff"},
]

[package.dependencies]
greenlet = "*"
msgpack = ">=0.5.0"

[package.extras]
pyuv = ["pyuv (>=1.0.0)"]
test = ["pytest (>=3.4.0)"]

[[package]]
name = "requests"
version = "2.28.2"
description = "Python HTTP for Humans."
category = "main"
optional = false
python-versions = ">=3.7, <4"
files = [
    {file = "requests-2.28.2-py3-none-any.whl", hash = "sha256:64299f4909223da747622c030b781c0d7811e359c37124b4bd368fb8c6518baa"},
    {file = "requests-2.28.2.tar.gz", hash = "sha256:98b1b2782e3c6c4904938b84c0eb932721069dfdb9134313beff7c83c2df24bf"},
]

[package.dependencies]
certifi = ">=2017.4.17"
charset-normalizer = ">=2,<4"
idna = ">=2.5,<4"
urllib3 = ">=1.21.1,<1.27"

[package.extras]
socks = ["PySocks (>=1.5.6,!=1.5.7)"]
use-chardet-on-py3 = ["chardet (>=3.0.2,<6)"]

[[package]]
name = "urllib3"
version = "1.26.12"
description = "HTTP library with thread-safe connection pooling, file post, and more."
category = "main"
optional = false
python-versions = ">=2.7, !=3.0.*, !=3.1.*, !=3.2.*, !=3.3.*, !=3.4.*, !=3.5.*, <4"
files = [
    {file = "urllib3-1.26.12-py2.py3-none-any.whl", hash = "sha256:b930dd878d5a8afb066a637fbb35144fe7901e3b209d1cd4f524bd0e9deee997"},
    {file = "urllib3-1.26.12.tar.gz", hash = "sha256:3fa96cf423e6987997fc326ae8df396db2a8b7c667747d47ddd8ecba91f4a74e"},
]

[package.extras]
brotli = ["brotli (>=1.0.9)", "brotlicffi (>=0.8.0)", "brotlipy (>=0.6.0)"]
secure = ["certifi", "cryptography (>=1.3.4)", "idna (>=2.0.0)", "ipaddress", "pyOpenSSL (>=0.14)", "urllib3-secure-extra"]
socks = ["PySocks (>=1.5.6,!=1.5.7,<2.0)"]

[[package]]
name = "xmltodict"
version = "0.13.0"
description = "Makes working with XML feel like you are working with JSON"
category = "main"
optional = false
python-versions = ">=3.4"
files = [
    {file = "xmltodict-0.13.0-py2.py3-none-any.whl", hash = "sha256:aa89e8fd76320154a40d19a0df04a4695fb9dc5ba977cbb68ab3e4eb225e7852"},
    {file = "xmltodict-0.13.0.tar.gz", hash = "sha256:341595a488e3e01a85a9d8911d8912fd922ede5fecc4dce437eb4b6c8d037e56"},
]

[metadata]
lock-version = "2.0"
python-versions = "3.11.0"
content-hash = "3695d1e84fe18951d6f91c7025cf6ffe0682fd893153d888651f8bb4202e10f6"
