[[package]]
name = "certifi"
version = "2022.9.24"
description = "Python package for providing Mozilla's CA Bundle."
category = "main"
optional = false
python-versions = ">=3.6"

[[package]]
name = "charset-normalizer"
version = "2.1.1"
description = "The Real First Universal Charset Detector. Open, modern and actively maintained alternative to Chardet."
category = "main"
optional = false
python-versions = ">=3.6.0"

[package.extras]
unicode_backport = ["unicodedata2"]

[[package]]
name = "click"
version = "8.1.3"
description = "Composable command line interface toolkit"
category = "main"
optional = false
python-versions = ">=3.7"

[package.dependencies]
colorama = {version = "*", markers = "platform_system == \"Windows\""}

[[package]]
name = "colorama"
version = "0.4.5"
description = "Cross-platform colored terminal text."
category = "main"
optional = false
python-versions = ">=2.7, !=3.0.*, !=3.1.*, !=3.2.*, !=3.3.*, !=3.4.*"

[[package]]
name = "cx-Freeze"
version = "6.11.1"
description = "Create standalone executables from Python scripts"
category = "main"
optional = false
python-versions = ">=3.6"

[package.dependencies]
lief = {version = ">=0.11.5", markers = "sys_platform == \"win32\" and python_version <= \"3.10\""}
packaging = ">=21.0"
patchelf = {version = ">=0.12", markers = "sys_platform == \"linux\""}
setuptools = ">=59.0.1,<=60.10.0"

[package.extras]
dev = ["bump2version (>=1.0.1)", "cibuildwheel (==2.6.1)", "pre-commit (>=2.17.0)", "pylint (>=2.13.0)"]
doc = ["sphinx (>=5.0.1,<6.0.0)", "sphinx-rtd-theme (==1.0.0)"]
test = ["nose (==1.3.7)", "pygments (>=2.11.2)", "pytest (>=7.0.1)", "pytest-cov (==3.0.0)", "pytest-mock (>=3.6.1)", "pytest-timeout (>=1.4.2)"]

[[package]]
name = "greenlet"
version = "1.1.3"
description = "Lightweight in-process concurrent programming"
category = "dev"
optional = false
python-versions = ">=2.7,!=3.0.*,!=3.1.*,!=3.2.*,!=3.3.*,!=3.4.*"

[package.extras]
docs = ["Sphinx"]

[[package]]
name = "idna"
version = "3.4"
description = "Internationalized Domain Names in Applications (IDNA)"
category = "main"
optional = false
python-versions = ">=3.5"

[[package]]
name = "lief"
version = "0.12.2"
description = "Library to instrument executable formats"
category = "main"
optional = false
python-versions = ">=3.6"

[[package]]
name = "msgpack"
version = "1.0.4"
description = "MessagePack serializer"
category = "dev"
optional = false
python-versions = "*"

[[package]]
name = "packaging"
version = "21.3"
description = "Core utilities for Python packages"
category = "main"
optional = false
python-versions = ">=3.6"

[package.dependencies]
pyparsing = ">=2.0.2,<3.0.5 || >3.0.5"

[[package]]
name = "patchelf"
version = "0.15.0.0"
description = "A small utility to modify the dynamic linker and RPATH of ELF executables."
category = "main"
optional = false
python-versions = "*"

[package.extras]
test = ["importlib-metadata", "pytest"]

[[package]]
name = "portablemc"
version = "3.1.1"
description = "PortableMC is a module that provides both an API for development of your custom launcher and an executable script to run PortableMC CLI."
category = "main"
optional = false
python-versions = ">=3.6"

[[package]]
name = "portablemc-fabric"
version = "2.0.1"
description = "Start Minecraft using the Fabric mod loader using '<exec> start fabric:[<mc-version>[:<loader-version>]]'."
category = "main"
optional = false
python-versions = ">=3.6"

[package.dependencies]
portablemc = ">=3,<4"

[[package]]
name = "portablemc-forge"
version = "2.0.1"
description = "Start Minecraft using the Forge mod loader using '<exec> start forge:[<mc-version>]'."
category = "main"
optional = false
python-versions = ">=3.6"

[package.dependencies]
portablemc = ">=3,<4"

[[package]]
name = "portablemc-quilt"
version = "1.0.0"
description = "Start Minecraft using the Quilt mod loader using '<exec> start quilt:[<mc-version>[:<loader-version>]]'."
category = "main"
optional = false
python-versions = ">=3.6"

[package.dependencies]
portablemc = ">=3,<4"

[[package]]
name = "pynvim"
version = "0.4.3"
description = "Python client to neovim"
category = "dev"
optional = false
python-versions = "*"

[package.dependencies]
greenlet = "*"
msgpack = ">=0.5.0"

[package.extras]
pyuv = ["pyuv (>=1.0.0)"]
test = ["pytest (>=3.4.0)"]

[[package]]
name = "pyparsing"
version = "3.0.9"
description = "pyparsing module - Classes and methods to define and execute parsing grammars"
category = "main"
optional = false
python-versions = ">=3.6.8"

[package.extras]
diagrams = ["jinja2", "railroad-diagrams"]

[[package]]
name = "requests"
version = "2.28.1"
description = "Python HTTP for Humans."
category = "main"
optional = false
python-versions = ">=3.7, <4"

[package.dependencies]
certifi = ">=2017.4.17"
charset-normalizer = ">=2,<3"
idna = ">=2.5,<4"
urllib3 = ">=1.21.1,<1.27"

[package.extras]
socks = ["PySocks (>=1.5.6,!=1.5.7)"]
use_chardet_on_py3 = ["chardet (>=3.0.2,<6)"]

[[package]]
name = "setuptools"
version = "60.10.0"
description = "Easily download, build, install, upgrade, and uninstall Python packages"
category = "main"
optional = false
python-versions = ">=3.7"

[package.extras]
docs = ["furo", "jaraco.packaging (>=9)", "jaraco.tidelift (>=1.4)", "pygments-github-lexers (==0.0.5)", "rst.linker (>=1.9)", "sphinx", "sphinx-favicon", "sphinx-inline-tabs", "sphinxcontrib-towncrier"]
testing = ["build[virtualenv]", "filelock (>=3.4.0)", "flake8-2020", "jaraco.envs (>=2.2)", "jaraco.path (>=3.2.0)", "mock", "pip (>=19.1)", "pip-run (>=8.8)", "pytest (>=6)", "pytest-black (>=0.3.7)", "pytest-checkdocs (>=2.4)", "pytest-cov", "pytest-enabler (>=1.0.1)", "pytest-flake8", "pytest-mypy (>=0.9.1)", "pytest-perf", "pytest-xdist", "virtualenv (>=13.0.0)", "wheel"]
testing-integration = ["build[virtualenv]", "filelock (>=3.4.0)", "jaraco.envs (>=2.2)", "jaraco.path (>=3.2.0)", "pytest", "pytest-enabler", "pytest-xdist", "tomli", "virtualenv (>=13.0.0)", "wheel"]

[[package]]
name = "urllib3"
version = "1.26.12"
description = "HTTP library with thread-safe connection pooling, file post, and more."
category = "main"
optional = false
python-versions = ">=2.7, !=3.0.*, !=3.1.*, !=3.2.*, !=3.3.*, !=3.4.*, !=3.5.*, <4"

[package.extras]
brotli = ["brotli (>=1.0.9)", "brotlicffi (>=0.8.0)", "brotlipy (>=0.6.0)"]
secure = ["certifi", "cryptography (>=1.3.4)", "idna (>=2.0.0)", "ipaddress", "pyOpenSSL (>=0.14)", "urllib3-secure-extra"]
socks = ["PySocks (>=1.5.6,!=1.5.7,<2.0)"]

[[package]]
name = "xmltodict"
version = "0.13.0"
description = "Makes working with XML feel like you are working with JSON"
category = "main"
optional = false
python-versions = ">=3.4"

[metadata]
lock-version = "1.1"
python-versions = "3.10.7"
content-hash = "cad37181e2b8671603937e7b754b733c7003120efa6864c03fd14bdeccb1f32d"

[metadata.files]
certifi = [
    {file = "certifi-2022.9.24-py3-none-any.whl", hash = "sha256:90c1a32f1d68f940488354e36370f6cca89f0f106db09518524c88d6ed83f382"},
    {file = "certifi-2022.9.24.tar.gz", hash = "sha256:0d9c601124e5a6ba9712dbc60d9c53c21e34f5f641fe83002317394311bdce14"},
]
charset-normalizer = [
    {file = "charset-normalizer-2.1.1.tar.gz", hash = "sha256:5a3d016c7c547f69d6f81fb0db9449ce888b418b5b9952cc5e6e66843e9dd845"},
    {file = "charset_normalizer-2.1.1-py3-none-any.whl", hash = "sha256:83e9a75d1911279afd89352c68b45348559d1fc0506b054b346651b5e7fee29f"},
]
click = [
    {file = "click-8.1.3-py3-none-any.whl", hash = "sha256:bb4d8133cb15a609f44e8213d9b391b0809795062913b383c62be0ee95b1db48"},
    {file = "click-8.1.3.tar.gz", hash = "sha256:7682dc8afb30297001674575ea00d1814d808d6a36af415a82bd481d37ba7b8e"},
]
colorama = [
    {file = "colorama-0.4.5-py2.py3-none-any.whl", hash = "sha256:854bf444933e37f5824ae7bfc1e98d5bce2ebe4160d46b5edf346a89358e99da"},
    {file = "colorama-0.4.5.tar.gz", hash = "sha256:e6c6b4334fc50988a639d9b98aa429a0b57da6e17b9a44f0451f930b6967b7a4"},
]
cx-Freeze = [
    {file = "cx_Freeze-6.11.1-cp310-cp310-macosx_10_9_universal2.whl", hash = "sha256:e372b9e72ac0e2207ee65a9d404e2669da1134dc37f5ace9a2a779099d3aa868"},
    {file = "cx_Freeze-6.11.1-cp310-cp310-macosx_10_9_x86_64.whl", hash = "sha256:dd293382e1ad270dddf5a2707db5dbb8600a1e0b0c9b0da7af9d61326eb1b325"},
    {file = "cx_Freeze-6.11.1-cp310-cp310-macosx_11_0_arm64.whl", hash = "sha256:feec2f36bce042da6a0d92690bc592b0dcec29218adc2278535cd13b28ec3485"},
    {file = "cx_Freeze-6.11.1-cp310-cp310-manylinux_2_17_x86_64.manylinux2014_x86_64.whl", hash = "sha256:d5aafcc6337856d5921b20f41acdcc8d0fe770388f3a072eb25163f8825f6c5d"},
    {file = "cx_Freeze-6.11.1-cp310-cp310-win32.whl", hash = "sha256:b99cc0b6d6c1ba51bd9fe11dbfae9aabcf089ba779ea86d83d280e2e40f484e7"},
    {file = "cx_Freeze-6.11.1-cp310-cp310-win_amd64.whl", hash = "sha256:f0dfe6acf25eb096faba7d4b4b001bcd0f818e372ea1f05d900665b0ad82b0b9"},
    {file = "cx_Freeze-6.11.1-cp36-cp36m-macosx_10_9_x86_64.whl", hash = "sha256:3a68e70dcb27b0720b131a35c5fdd096012fe00119a8e51d935f3fb3cd251c39"},
    {file = "cx_Freeze-6.11.1-cp36-cp36m-manylinux_2_17_x86_64.manylinux2014_x86_64.whl", hash = "sha256:6f7bde925042d8843af9b6242a1bf3865dbbae088f3183a89a575124ec2e14a4"},
    {file = "cx_Freeze-6.11.1-cp36-cp36m-win32.whl", hash = "sha256:7698fb82b6f84b3426774b5f3bee770601f26b612306319664a02f1ec5160861"},
    {file = "cx_Freeze-6.11.1-cp36-cp36m-win_amd64.whl", hash = "sha256:9848c975401b21a98aa896baabfed067c3e981afd5b5b0a8a5eabe5c9f23d3c5"},
    {file = "cx_Freeze-6.11.1-cp37-cp37m-macosx_10_9_x86_64.whl", hash = "sha256:87dcf5ceb78dc6af910c45238128fda2394b7c430d3fa469e87e1efdeeb5d4cc"},
    {file = "cx_Freeze-6.11.1-cp37-cp37m-manylinux_2_17_x86_64.manylinux2014_x86_64.whl", hash = "sha256:fb74d8cc1f8c658986acc19ea6875b985a979421f9bb9c310b43cd2ff5d90c44"},
    {file = "cx_Freeze-6.11.1-cp37-cp37m-win32.whl", hash = "sha256:971c0a8356ef0ee09a3097f9c9d5b52cde6d08d1ef80e997eb4a6e22fe0eff2f"},
    {file = "cx_Freeze-6.11.1-cp37-cp37m-win_amd64.whl", hash = "sha256:7c1cb44379b2093cbdde77e302a376f29aa61999c73be6e8a559463db84b85c4"},
    {file = "cx_Freeze-6.11.1-cp38-cp38-macosx_10_9_x86_64.whl", hash = "sha256:bc90d6dbde66e8ddfe6b26f63fb2ea7d6d0e4568205f40660a63b8b200dcabcf"},
    {file = "cx_Freeze-6.11.1-cp38-cp38-manylinux_2_17_x86_64.manylinux2014_x86_64.whl", hash = "sha256:1f56f618a23d86bdcfff22b29ec993117effd32a401060013105517301c0bf32"},
    {file = "cx_Freeze-6.11.1-cp38-cp38-win32.whl", hash = "sha256:4edfb5d65afb11eb9f0326d40d15445366481585705b3096f2cd090e30a36247"},
    {file = "cx_Freeze-6.11.1-cp38-cp38-win_amd64.whl", hash = "sha256:cfb5a8032bf424c04814c9426425fa1db4cf8c280da948969eead9f616c0fd92"},
    {file = "cx_Freeze-6.11.1-cp39-cp39-macosx_10_9_universal2.whl", hash = "sha256:0a3e32980269cfabc2e814978bfdf4382fe3cbc9ac64f9f1bdb1cd2ddf3a40d0"},
    {file = "cx_Freeze-6.11.1-cp39-cp39-macosx_10_9_x86_64.whl", hash = "sha256:798bb7ca037c3c885efd3eda6756c84c7927c712b730b22a7f256440faa36d38"},
    {file = "cx_Freeze-6.11.1-cp39-cp39-macosx_11_0_arm64.whl", hash = "sha256:5aa1759098ca4853200a79138b626a9caa2ccf829d662b28c82ec7e71ea97cde"},
    {file = "cx_Freeze-6.11.1-cp39-cp39-manylinux_2_17_x86_64.manylinux2014_x86_64.whl", hash = "sha256:7962680ae04ee3afda1012026b5394a534e2526b68681d591158b7d8bc733bcf"},
    {file = "cx_Freeze-6.11.1-cp39-cp39-win32.whl", hash = "sha256:da4f82fe27e71571c0ab9d700b5e6c6c631ae39133d9b6d7157939f1e9f37312"},
    {file = "cx_Freeze-6.11.1-cp39-cp39-win_amd64.whl", hash = "sha256:aaf399b6ed5d54b7271980ae354605620bedcd52d722f57ad527bd989c56a875"},
    {file = "cx_Freeze-6.11.1.tar.gz", hash = "sha256:8f3a30c9e3394f290655e346d3b460910656b30ac6347a87499bb5ad365c6e7c"},
]
greenlet = [
    {file = "greenlet-1.1.3-cp27-cp27m-macosx_10_14_x86_64.whl", hash = "sha256:8c287ae7ac921dfde88b1c125bd9590b7ec3c900c2d3db5197f1286e144e712b"},
    {file = "greenlet-1.1.3-cp27-cp27m-manylinux1_x86_64.whl", hash = "sha256:870a48007872d12e95a996fca3c03a64290d3ea2e61076aa35d3b253cf34cd32"},
    {file = "greenlet-1.1.3-cp27-cp27m-manylinux2010_x86_64.whl", hash = "sha256:7c5227963409551ae4a6938beb70d56bf1918c554a287d3da6853526212fbe0a"},
    {file = "greenlet-1.1.3-cp27-cp27m-win32.whl", hash = "sha256:9fae214f6c43cd47f7bef98c56919b9222481e833be2915f6857a1e9e8a15318"},
    {file = "greenlet-1.1.3-cp27-cp27m-win_amd64.whl", hash = "sha256:de431765bd5fe62119e0bc6bc6e7b17ac53017ae1782acf88fcf6b7eae475a49"},
    {file = "greenlet-1.1.3-cp27-cp27mu-manylinux1_x86_64.whl", hash = "sha256:510c3b15587afce9800198b4b142202b323bf4b4b5f9d6c79cb9a35e5e3c30d2"},
    {file = "greenlet-1.1.3-cp27-cp27mu-manylinux2010_x86_64.whl", hash = "sha256:9951dcbd37850da32b2cb6e391f621c1ee456191c6ae5528af4a34afe357c30e"},
    {file = "greenlet-1.1.3-cp310-cp310-macosx_10_15_x86_64.whl", hash = "sha256:07c58e169bbe1e87b8bbf15a5c1b779a7616df9fd3e61cadc9d691740015b4f8"},
    {file = "greenlet-1.1.3-cp310-cp310-manylinux_2_17_aarch64.manylinux2014_aarch64.whl", hash = "sha256:df02fdec0c533301497acb0bc0f27f479a3a63dcdc3a099ae33a902857f07477"},
    {file = "greenlet-1.1.3-cp310-cp310-manylinux_2_17_ppc64le.manylinux2014_ppc64le.whl", hash = "sha256:9c88e134d51d5e82315a7c32b914a58751b7353eb5268dbd02eabf020b4c4700"},
    {file = "greenlet-1.1.3-cp310-cp310-manylinux_2_17_x86_64.manylinux2014_x86_64.whl", hash = "sha256:7b41d19c0cfe5c259fe6c539fd75051cd39a5d33d05482f885faf43f7f5e7d26"},
    {file = "greenlet-1.1.3-cp310-cp310-win_amd64.whl", hash = "sha256:6f5d4b2280ceea76c55c893827961ed0a6eadd5a584a7c4e6e6dd7bc10dfdd96"},
    {file = "greenlet-1.1.3-cp311-cp311-macosx_10_15_x86_64.whl", hash = "sha256:184416e481295832350a4bf731ba619a92f5689bf5d0fa4341e98b98b1265bd7"},
    {file = "greenlet-1.1.3-cp311-cp311-manylinux_2_17_aarch64.manylinux2014_aarch64.whl", hash = "sha256:dd0404d154084a371e6d2bafc787201612a1359c2dee688ae334f9118aa0bf47"},
    {file = "greenlet-1.1.3-cp311-cp311-manylinux_2_17_ppc64le.manylinux2014_ppc64le.whl", hash = "sha256:7a43bbfa9b6cfdfaeefbd91038dde65ea2c421dc387ed171613df340650874f2"},
    {file = "greenlet-1.1.3-cp311-cp311-manylinux_2_17_x86_64.manylinux2014_x86_64.whl", hash = "sha256:ce5b64dfe8d0cca407d88b0ee619d80d4215a2612c1af8c98a92180e7109f4b5"},
    {file = "greenlet-1.1.3-cp35-cp35m-macosx_10_14_x86_64.whl", hash = "sha256:903fa5716b8fbb21019268b44f73f3748c41d1a30d71b4a49c84b642c2fed5fa"},
    {file = "greenlet-1.1.3-cp35-cp35m-manylinux1_x86_64.whl", hash = "sha256:0118817c9341ef2b0f75f5af79ac377e4da6ff637e5ee4ac91802c0e379dadb4"},
    {file = "greenlet-1.1.3-cp35-cp35m-manylinux2010_x86_64.whl", hash = "sha256:466ce0928e33421ee84ae04c4ac6f253a3a3e6b8d600a79bd43fd4403e0a7a76"},
    {file = "greenlet-1.1.3-cp35-cp35m-win32.whl", hash = "sha256:65ad1a7a463a2a6f863661329a944a5802c7129f7ad33583dcc11069c17e622c"},
    {file = "greenlet-1.1.3-cp35-cp35m-win_amd64.whl", hash = "sha256:7532a46505470be30cbf1dbadb20379fb481244f1ca54207d7df3bf0bbab6a20"},
    {file = "greenlet-1.1.3-cp36-cp36m-macosx_10_14_x86_64.whl", hash = "sha256:caff52cb5cd7626872d9696aee5b794abe172804beb7db52eed1fd5824b63910"},
    {file = "greenlet-1.1.3-cp36-cp36m-manylinux1_x86_64.whl", hash = "sha256:db41f3845eb579b544c962864cce2c2a0257fe30f0f1e18e51b1e8cbb4e0ac6d"},
    {file = "greenlet-1.1.3-cp36-cp36m-manylinux2010_x86_64.whl", hash = "sha256:e8533f5111704d75de3139bf0b8136d3a6c1642c55c067866fa0a51c2155ee33"},
    {file = "greenlet-1.1.3-cp36-cp36m-manylinux_2_17_aarch64.manylinux2014_aarch64.whl", hash = "sha256:9537e4baf0db67f382eb29255a03154fcd4984638303ff9baaa738b10371fa57"},
    {file = "greenlet-1.1.3-cp36-cp36m-manylinux_2_17_ppc64le.manylinux2014_ppc64le.whl", hash = "sha256:f8bfd36f368efe0ab2a6aa3db7f14598aac454b06849fb633b762ddbede1db90"},
    {file = "greenlet-1.1.3-cp36-cp36m-manylinux_2_17_x86_64.manylinux2014_x86_64.whl", hash = "sha256:b0877a9a2129a2c56a2eae2da016743db7d9d6a05d5e1c198f1b7808c602a30e"},
    {file = "greenlet-1.1.3-cp36-cp36m-win32.whl", hash = "sha256:88b04e12c9b041a1e0bcb886fec709c488192638a9a7a3677513ac6ba81d8e79"},
    {file = "greenlet-1.1.3-cp36-cp36m-win_amd64.whl", hash = "sha256:4f166b4aca8d7d489e82d74627a7069ab34211ef5ebb57c300ec4b9337b60fc0"},
    {file = "greenlet-1.1.3-cp37-cp37m-macosx_10_15_x86_64.whl", hash = "sha256:cd16a89efe3a003029c87ff19e9fba635864e064da646bc749fc1908a4af18f3"},
    {file = "greenlet-1.1.3-cp37-cp37m-manylinux1_x86_64.whl", hash = "sha256:5b756e6730ea59b2745072e28ad27f4c837084688e6a6b3633c8b1e509e6ae0e"},
    {file = "greenlet-1.1.3-cp37-cp37m-manylinux2010_x86_64.whl", hash = "sha256:9b2f7d0408ddeb8ea1fd43d3db79a8cefaccadd2a812f021333b338ed6b10aba"},
    {file = "greenlet-1.1.3-cp37-cp37m-manylinux_2_17_aarch64.manylinux2014_aarch64.whl", hash = "sha256:44b4817c34c9272c65550b788913620f1fdc80362b209bc9d7dd2f40d8793080"},
    {file = "greenlet-1.1.3-cp37-cp37m-manylinux_2_17_ppc64le.manylinux2014_ppc64le.whl", hash = "sha256:d58a5a71c4c37354f9e0c24c9c8321f0185f6945ef027460b809f4bb474bfe41"},
    {file = "greenlet-1.1.3-cp37-cp37m-manylinux_2_17_x86_64.manylinux2014_x86_64.whl", hash = "sha256:1dd51d2650e70c6c4af37f454737bf4a11e568945b27f74b471e8e2a9fd21268"},
    {file = "greenlet-1.1.3-cp37-cp37m-win32.whl", hash = "sha256:048d2bed76c2aa6de7af500ae0ea51dd2267aec0e0f2a436981159053d0bc7cc"},
    {file = "greenlet-1.1.3-cp37-cp37m-win_amd64.whl", hash = "sha256:77e41db75f9958f2083e03e9dd39da12247b3430c92267df3af77c83d8ff9eed"},
    {file = "greenlet-1.1.3-cp38-cp38-macosx_10_15_x86_64.whl", hash = "sha256:1626185d938d7381631e48e6f7713e8d4b964be246073e1a1d15c2f061ac9f08"},
    {file = "greenlet-1.1.3-cp38-cp38-manylinux1_x86_64.whl", hash = "sha256:1ec2779774d8e42ed0440cf8bc55540175187e8e934f2be25199bf4ed948cd9e"},
    {file = "greenlet-1.1.3-cp38-cp38-manylinux2010_x86_64.whl", hash = "sha256:f2f908239b7098799b8845e5936c2ccb91d8c2323be02e82f8dcb4a80dcf4a25"},
    {file = "greenlet-1.1.3-cp38-cp38-manylinux_2_17_aarch64.manylinux2014_aarch64.whl", hash = "sha256:0b181e9aa6cb2f5ec0cacc8cee6e5a3093416c841ba32c185c30c160487f0380"},
    {file = "greenlet-1.1.3-cp38-cp38-manylinux_2_17_ppc64le.manylinux2014_ppc64le.whl", hash = "sha256:2cf45e339cabea16c07586306a31cfcc5a3b5e1626d365714d283732afed6809"},
    {file = "greenlet-1.1.3-cp38-cp38-manylinux_2_17_x86_64.manylinux2014_x86_64.whl", hash = "sha256:6200a11f003ec26815f7e3d2ded01b43a3810be3528dd760d2f1fa777490c3cd"},
    {file = "greenlet-1.1.3-cp38-cp38-win32.whl", hash = "sha256:db5b25265010a1b3dca6a174a443a0ed4c4ab12d5e2883a11c97d6e6d59b12f9"},
    {file = "greenlet-1.1.3-cp38-cp38-win_amd64.whl", hash = "sha256:095a980288fe05adf3d002fbb180c99bdcf0f930e220aa66fcd56e7914a38202"},
    {file = "greenlet-1.1.3-cp39-cp39-macosx_10_15_x86_64.whl", hash = "sha256:cbc1eb55342cbac8f7ec159088d54e2cfdd5ddf61c87b8bbe682d113789331b2"},
    {file = "greenlet-1.1.3-cp39-cp39-manylinux1_x86_64.whl", hash = "sha256:694ffa7144fa5cc526c8f4512665003a39fa09ef00d19bbca5c8d3406db72fbe"},
    {file = "greenlet-1.1.3-cp39-cp39-manylinux2010_x86_64.whl", hash = "sha256:aa741c1a8a8cc25eb3a3a01a62bdb5095a773d8c6a86470bde7f607a447e7905"},
    {file = "greenlet-1.1.3-cp39-cp39-manylinux_2_17_aarch64.manylinux2014_aarch64.whl", hash = "sha256:a3a669f11289a8995d24fbfc0e63f8289dd03c9aaa0cc8f1eab31d18ca61a382"},
    {file = "greenlet-1.1.3-cp39-cp39-manylinux_2_17_ppc64le.manylinux2014_ppc64le.whl", hash = "sha256:76a53bfa10b367ee734b95988bd82a9a5f0038a25030f9f23bbbc005010ca600"},
    {file = "greenlet-1.1.3-cp39-cp39-manylinux_2_17_x86_64.manylinux2014_x86_64.whl", hash = "sha256:2fb0aa7f6996879551fd67461d5d3ab0c3c0245da98be90c89fcb7a18d437403"},
    {file = "greenlet-1.1.3-cp39-cp39-win32.whl", hash = "sha256:5fbe1ab72b998ca77ceabbae63a9b2e2dc2d963f4299b9b278252ddba142d3f1"},
    {file = "greenlet-1.1.3-cp39-cp39-win_amd64.whl", hash = "sha256:ffe73f9e7aea404722058405ff24041e59d31ca23d1da0895af48050a07b6932"},
    {file = "greenlet-1.1.3.tar.gz", hash = "sha256:bcb6c6dd1d6be6d38d6db283747d07fda089ff8c559a835236560a4410340455"},
]
idna = [
    {file = "idna-3.4-py3-none-any.whl", hash = "sha256:90b77e79eaa3eba6de819a0c442c0b4ceefc341a7a2ab77d7562bf49f425c5c2"},
    {file = "idna-3.4.tar.gz", hash = "sha256:814f528e8dead7d329833b91c5faa87d60bf71824cd12a7530b5526063d02cb4"},
]
lief = [
    {file = "lief-0.12.2-cp310-cp310-macosx_10_14_x86_64.whl", hash = "sha256:cdadaab4b9ec756e1d1f0324acd6e280ae849d251e66f836da455df592deaf9e"},
    {file = "lief-0.12.2-cp310-cp310-manylinux_2_17_x86_64.manylinux2014_x86_64.whl", hash = "sha256:8e97f109cf4a24ad37d8227b52cf878a58723abe7d88f0f3d5867c02d8ead49b"},
    {file = "lief-0.12.2-cp310-cp310-win32.whl", hash = "sha256:a69a330afbb683518ab85197683c2f7e2a1dda33973043d81b0871a024d2e9da"},
    {file = "lief-0.12.2-cp310-cp310-win_amd64.whl", hash = "sha256:a6673f0d604abcbadc7fd914246c7cbb02b207ee1660786421679cceb0f270fe"},
    {file = "lief-0.12.2-cp36-cp36m-macosx_10_14_x86_64.whl", hash = "sha256:41e6b569d38bc49bbfd418085f686cf4c0f374ba30e4533e715528bef38e9f18"},
    {file = "lief-0.12.2-cp36-cp36m-manylinux_2_17_x86_64.manylinux2014_x86_64.whl", hash = "sha256:2d99311de2b3be3bba4d4c3b2fdc982cfcc3719b22fcfb79c1ee3cfa712b15dc"},
    {file = "lief-0.12.2-cp36-cp36m-win32.whl", hash = "sha256:cdd7d72159a97327a3e96f3f6b8a8a824af36ff810e006ea389bc3f4d10269e7"},
    {file = "lief-0.12.2-cp36-cp36m-win_amd64.whl", hash = "sha256:2b25c27b3b2d150634e218e23b9dcc02a570eadf4d839e434e7008f16c85cee7"},
    {file = "lief-0.12.2-cp37-cp37m-macosx_10_14_x86_64.whl", hash = "sha256:073e70e04225a6efa6dd2725b8a39cd3bf1e55b52f7a681ba5849ef16ea33a2f"},
    {file = "lief-0.12.2-cp37-cp37m-manylinux2014_aarch64.whl", hash = "sha256:aa9a04bcb9e7fe2753ccd9e0832d3ef0583f5aa4b4bae9fcb62f695ce1853528"},
    {file = "lief-0.12.2-cp37-cp37m-manylinux_2_17_x86_64.manylinux2014_x86_64.whl", hash = "sha256:3686afff06c9ac52965acbf61d79fb9e69b4bfd5c6d617486eceb3cd2ae6ddd0"},
    {file = "lief-0.12.2-cp37-cp37m-win32.whl", hash = "sha256:6518843c7072f8daa02f6ea6e0f3641f041854ce14d370c6eb65c1abc90d9ef7"},
    {file = "lief-0.12.2-cp37-cp37m-win_amd64.whl", hash = "sha256:6d7d36827cef0c26c215ebf1c82e26283acbd56996dc75ff6ceae8dafb373e2c"},
    {file = "lief-0.12.2-cp38-cp38-macosx_10_14_x86_64.whl", hash = "sha256:661fbb31946ce7f445c6e956fe81da423586901186c73326bc612e989ca608b7"},
    {file = "lief-0.12.2-cp38-cp38-manylinux2014_aarch64.whl", hash = "sha256:b074785a6c570f8d250bba656e473decde6cce3fb0e3d5d22974feed320764d5"},
    {file = "lief-0.12.2-cp38-cp38-manylinux_2_17_x86_64.manylinux2014_x86_64.whl", hash = "sha256:208913a5e67933617c4be7a92b65930ed87e1ed4338a76e8763dc79661e1032f"},
    {file = "lief-0.12.2-cp38-cp38-win32.whl", hash = "sha256:aa8b6a41eb630a23dd03822a884f80236ced27232f93d13c7051ef4d211eff64"},
    {file = "lief-0.12.2-cp38-cp38-win_amd64.whl", hash = "sha256:59c3fadabb1a500725e7c2864a558e78bdeedab816d55287463a043decaf9842"},
    {file = "lief-0.12.2-cp39-cp39-macosx_10_14_x86_64.whl", hash = "sha256:751de35c21ec0d9af7d35dd4372cb4946deeb28d8f168ebc89600494eee7d70a"},
    {file = "lief-0.12.2-cp39-cp39-manylinux2014_aarch64.whl", hash = "sha256:73f8e94b9250174e3ccfe6f88c40543e5656f708ff3d631244910dfc4e318935"},
    {file = "lief-0.12.2-cp39-cp39-manylinux_2_17_x86_64.manylinux2014_x86_64.whl", hash = "sha256:c6e8332cc1ac7b59d58de069e0f7754bf98781ed7d894d72044d2a165738bd2d"},
    {file = "lief-0.12.2-cp39-cp39-win32.whl", hash = "sha256:fa1d0f7e901e7ac0272021b6c5875a13156003964a7ca1d1f43fda81e738c897"},
    {file = "lief-0.12.2-cp39-cp39-win_amd64.whl", hash = "sha256:15979ead13ecd53b3755f0a17281238c49bec945f5d3a15e603a3f472d490fe2"},
    {file = "lief-0.12.2.zip", hash = "sha256:d6fbab6a7cd4c30db83646c893aa4f43b15628e635711c2cf20e9a27be963469"},
]
msgpack = [
    {file = "msgpack-1.0.4-cp310-cp310-macosx_10_9_universal2.whl", hash = "sha256:4ab251d229d10498e9a2f3b1e68ef64cb393394ec477e3370c457f9430ce9250"},
    {file = "msgpack-1.0.4-cp310-cp310-macosx_10_9_x86_64.whl", hash = "sha256:112b0f93202d7c0fef0b7810d465fde23c746a2d482e1e2de2aafd2ce1492c88"},
    {file = "msgpack-1.0.4-cp310-cp310-macosx_11_0_arm64.whl", hash = "sha256:002b5c72b6cd9b4bafd790f364b8480e859b4712e91f43014fe01e4f957b8467"},
    {file = "msgpack-1.0.4-cp310-cp310-manylinux_2_17_aarch64.manylinux2014_aarch64.whl", hash = "sha256:35bc0faa494b0f1d851fd29129b2575b2e26d41d177caacd4206d81502d4c6a6"},
    {file = "msgpack-1.0.4-cp310-cp310-manylinux_2_17_x86_64.manylinux2014_x86_64.whl", hash = "sha256:4733359808c56d5d7756628736061c432ded018e7a1dff2d35a02439043321aa"},
    {file = "msgpack-1.0.4-cp310-cp310-manylinux_2_5_i686.manylinux1_i686.manylinux_2_17_i686.manylinux2014_i686.whl", hash = "sha256:eb514ad14edf07a1dbe63761fd30f89ae79b42625731e1ccf5e1f1092950eaa6"},
    {file = "msgpack-1.0.4-cp310-cp310-musllinux_1_1_aarch64.whl", hash = "sha256:c23080fdeec4716aede32b4e0ef7e213c7b1093eede9ee010949f2a418ced6ba"},
    {file = "msgpack-1.0.4-cp310-cp310-musllinux_1_1_i686.whl", hash = "sha256:49565b0e3d7896d9ea71d9095df15b7f75a035c49be733051c34762ca95bbf7e"},
    {file = "msgpack-1.0.4-cp310-cp310-musllinux_1_1_x86_64.whl", hash = "sha256:aca0f1644d6b5a73eb3e74d4d64d5d8c6c3d577e753a04c9e9c87d07692c58db"},
    {file = "msgpack-1.0.4-cp310-cp310-win32.whl", hash = "sha256:0dfe3947db5fb9ce52aaea6ca28112a170db9eae75adf9339a1aec434dc954ef"},
    {file = "msgpack-1.0.4-cp310-cp310-win_amd64.whl", hash = "sha256:4dea20515f660aa6b7e964433b1808d098dcfcabbebeaaad240d11f909298075"},
    {file = "msgpack-1.0.4-cp36-cp36m-macosx_10_9_x86_64.whl", hash = "sha256:e83f80a7fec1a62cf4e6c9a660e39c7f878f603737a0cdac8c13131d11d97f52"},
    {file = "msgpack-1.0.4-cp36-cp36m-manylinux_2_17_aarch64.manylinux2014_aarch64.whl", hash = "sha256:3c11a48cf5e59026ad7cb0dc29e29a01b5a66a3e333dc11c04f7e991fc5510a9"},
    {file = "msgpack-1.0.4-cp36-cp36m-manylinux_2_17_x86_64.manylinux2014_x86_64.whl", hash = "sha256:1276e8f34e139aeff1c77a3cefb295598b504ac5314d32c8c3d54d24fadb94c9"},
    {file = "msgpack-1.0.4-cp36-cp36m-manylinux_2_5_i686.manylinux1_i686.manylinux_2_17_i686.manylinux2014_i686.whl", hash = "sha256:6c9566f2c39ccced0a38d37c26cc3570983b97833c365a6044edef3574a00c08"},
    {file = "msgpack-1.0.4-cp36-cp36m-musllinux_1_1_aarch64.whl", hash = "sha256:fcb8a47f43acc113e24e910399376f7277cf8508b27e5b88499f053de6b115a8"},
    {file = "msgpack-1.0.4-cp36-cp36m-musllinux_1_1_i686.whl", hash = "sha256:76ee788122de3a68a02ed6f3a16bbcd97bc7c2e39bd4d94be2f1821e7c4a64e6"},
    {file = "msgpack-1.0.4-cp36-cp36m-musllinux_1_1_x86_64.whl", hash = "sha256:0a68d3ac0104e2d3510de90a1091720157c319ceeb90d74f7b5295a6bee51bae"},
    {file = "msgpack-1.0.4-cp36-cp36m-win32.whl", hash = "sha256:85f279d88d8e833ec015650fd15ae5eddce0791e1e8a59165318f371158efec6"},
    {file = "msgpack-1.0.4-cp36-cp36m-win_amd64.whl", hash = "sha256:c1683841cd4fa45ac427c18854c3ec3cd9b681694caf5bff04edb9387602d661"},
    {file = "msgpack-1.0.4-cp37-cp37m-macosx_10_9_x86_64.whl", hash = "sha256:a75dfb03f8b06f4ab093dafe3ddcc2d633259e6c3f74bb1b01996f5d8aa5868c"},
    {file = "msgpack-1.0.4-cp37-cp37m-manylinux_2_17_aarch64.manylinux2014_aarch64.whl", hash = "sha256:9667bdfdf523c40d2511f0e98a6c9d3603be6b371ae9a238b7ef2dc4e7a427b0"},
    {file = "msgpack-1.0.4-cp37-cp37m-manylinux_2_17_x86_64.manylinux2014_x86_64.whl", hash = "sha256:11184bc7e56fd74c00ead4f9cc9a3091d62ecb96e97653add7a879a14b003227"},
    {file = "msgpack-1.0.4-cp37-cp37m-manylinux_2_5_i686.manylinux1_i686.manylinux_2_17_i686.manylinux2014_i686.whl", hash = "sha256:ac5bd7901487c4a1dd51a8c58f2632b15d838d07ceedaa5e4c080f7190925bff"},
    {file = "msgpack-1.0.4-cp37-cp37m-musllinux_1_1_aarch64.whl", hash = "sha256:1e91d641d2bfe91ba4c52039adc5bccf27c335356055825c7f88742c8bb900dd"},
    {file = "msgpack-1.0.4-cp37-cp37m-musllinux_1_1_i686.whl", hash = "sha256:2a2df1b55a78eb5f5b7d2a4bb221cd8363913830145fad05374a80bf0877cb1e"},
    {file = "msgpack-1.0.4-cp37-cp37m-musllinux_1_1_x86_64.whl", hash = "sha256:545e3cf0cf74f3e48b470f68ed19551ae6f9722814ea969305794645da091236"},
    {file = "msgpack-1.0.4-cp37-cp37m-win32.whl", hash = "sha256:2cc5ca2712ac0003bcb625c96368fd08a0f86bbc1a5578802512d87bc592fe44"},
    {file = "msgpack-1.0.4-cp37-cp37m-win_amd64.whl", hash = "sha256:eba96145051ccec0ec86611fe9cf693ce55f2a3ce89c06ed307de0e085730ec1"},
    {file = "msgpack-1.0.4-cp38-cp38-macosx_10_9_universal2.whl", hash = "sha256:7760f85956c415578c17edb39eed99f9181a48375b0d4a94076d84148cf67b2d"},
    {file = "msgpack-1.0.4-cp38-cp38-macosx_10_9_x86_64.whl", hash = "sha256:449e57cc1ff18d3b444eb554e44613cffcccb32805d16726a5494038c3b93dab"},
    {file = "msgpack-1.0.4-cp38-cp38-macosx_11_0_arm64.whl", hash = "sha256:d603de2b8d2ea3f3bcb2efe286849aa7a81531abc52d8454da12f46235092bcb"},
    {file = "msgpack-1.0.4-cp38-cp38-manylinux_2_17_aarch64.manylinux2014_aarch64.whl", hash = "sha256:48f5d88c99f64c456413d74a975bd605a9b0526293218a3b77220a2c15458ba9"},
    {file = "msgpack-1.0.4-cp38-cp38-manylinux_2_17_x86_64.manylinux2014_x86_64.whl", hash = "sha256:6916c78f33602ecf0509cc40379271ba0f9ab572b066bd4bdafd7434dee4bc6e"},
    {file = "msgpack-1.0.4-cp38-cp38-manylinux_2_5_i686.manylinux1_i686.manylinux_2_17_i686.manylinux2014_i686.whl", hash = "sha256:81fc7ba725464651190b196f3cd848e8553d4d510114a954681fd0b9c479d7e1"},
    {file = "msgpack-1.0.4-cp38-cp38-musllinux_1_1_aarch64.whl", hash = "sha256:d5b5b962221fa2c5d3a7f8133f9abffc114fe218eb4365e40f17732ade576c8e"},
    {file = "msgpack-1.0.4-cp38-cp38-musllinux_1_1_i686.whl", hash = "sha256:77ccd2af37f3db0ea59fb280fa2165bf1b096510ba9fe0cc2bf8fa92a22fdb43"},
    {file = "msgpack-1.0.4-cp38-cp38-musllinux_1_1_x86_64.whl", hash = "sha256:b17be2478b622939e39b816e0aa8242611cc8d3583d1cd8ec31b249f04623243"},
    {file = "msgpack-1.0.4-cp38-cp38-win32.whl", hash = "sha256:2bb8cdf50dd623392fa75525cce44a65a12a00c98e1e37bf0fb08ddce2ff60d2"},
    {file = "msgpack-1.0.4-cp38-cp38-win_amd64.whl", hash = "sha256:26b8feaca40a90cbe031b03d82b2898bf560027160d3eae1423f4a67654ec5d6"},
    {file = "msgpack-1.0.4-cp39-cp39-macosx_10_9_universal2.whl", hash = "sha256:462497af5fd4e0edbb1559c352ad84f6c577ffbbb708566a0abaaa84acd9f3ae"},
    {file = "msgpack-1.0.4-cp39-cp39-macosx_10_9_x86_64.whl", hash = "sha256:2999623886c5c02deefe156e8f869c3b0aaeba14bfc50aa2486a0415178fce55"},
    {file = "msgpack-1.0.4-cp39-cp39-macosx_11_0_arm64.whl", hash = "sha256:f0029245c51fd9473dc1aede1160b0a29f4a912e6b1dd353fa6d317085b219da"},
    {file = "msgpack-1.0.4-cp39-cp39-manylinux_2_17_aarch64.manylinux2014_aarch64.whl", hash = "sha256:ed6f7b854a823ea44cf94919ba3f727e230da29feb4a99711433f25800cf747f"},
    {file = "msgpack-1.0.4-cp39-cp39-manylinux_2_17_x86_64.manylinux2014_x86_64.whl", hash = "sha256:0df96d6eaf45ceca04b3f3b4b111b86b33785683d682c655063ef8057d61fd92"},
    {file = "msgpack-1.0.4-cp39-cp39-manylinux_2_5_i686.manylinux1_i686.manylinux_2_17_i686.manylinux2014_i686.whl", hash = "sha256:6a4192b1ab40f8dca3f2877b70e63799d95c62c068c84dc028b40a6cb03ccd0f"},
    {file = "msgpack-1.0.4-cp39-cp39-musllinux_1_1_aarch64.whl", hash = "sha256:0e3590f9fb9f7fbc36df366267870e77269c03172d086fa76bb4eba8b2b46624"},
    {file = "msgpack-1.0.4-cp39-cp39-musllinux_1_1_i686.whl", hash = "sha256:1576bd97527a93c44fa856770197dec00d223b0b9f36ef03f65bac60197cedf8"},
    {file = "msgpack-1.0.4-cp39-cp39-musllinux_1_1_x86_64.whl", hash = "sha256:63e29d6e8c9ca22b21846234913c3466b7e4ee6e422f205a2988083de3b08cae"},
    {file = "msgpack-1.0.4-cp39-cp39-win32.whl", hash = "sha256:fb62ea4b62bfcb0b380d5680f9a4b3f9a2d166d9394e9bbd9666c0ee09a3645c"},
    {file = "msgpack-1.0.4-cp39-cp39-win_amd64.whl", hash = "sha256:4d5834a2a48965a349da1c5a79760d94a1a0172fbb5ab6b5b33cbf8447e109ce"},
    {file = "msgpack-1.0.4.tar.gz", hash = "sha256:f5d869c18f030202eb412f08b28d2afeea553d6613aee89e200d7aca7ef01f5f"},
]
packaging = [
    {file = "packaging-21.3-py3-none-any.whl", hash = "sha256:ef103e05f519cdc783ae24ea4e2e0f508a9c99b2d4969652eed6a2e1ea5bd522"},
    {file = "packaging-21.3.tar.gz", hash = "sha256:dd47c42927d89ab911e606518907cc2d3a1f38bbd026385970643f9c5b8ecfeb"},
]
patchelf = [
    {file = "patchelf-0.15.0.0-py2.py3-none-manylinux_2_17_aarch64.manylinux2014_aarch64.musllinux_1_1_aarch64.whl", hash = "sha256:08e5e30a9415a8628de47726fbf15bfcd89be35df51c8a0a12372aebd0c5b4f6"},
    {file = "patchelf-0.15.0.0-py2.py3-none-manylinux_2_17_ppc64le.manylinux2014_ppc64le.musllinux_1_1_ppc64le.whl", hash = "sha256:4ce9d08119816bc4316c8ecc5f33da42384934fc0fc9cfbdded53a4930705466"},
    {file = "patchelf-0.15.0.0-py2.py3-none-manylinux_2_17_s390x.manylinux2014_s390x.musllinux_1_1_s390x.whl", hash = "sha256:ae19b0f91aabc9af2608a4ca0395533f1df9122e6abc11ef2c8db6e4db0f98c2"},
    {file = "patchelf-0.15.0.0-py2.py3-none-manylinux_2_5_i686.manylinux1_i686.musllinux_1_1_i686.whl", hash = "sha256:f3f87aee44d1d1b2209e38c4227b0316bb03538df68d20b3d96205aa87868d95"},
    {file = "patchelf-0.15.0.0-py2.py3-none-manylinux_2_5_x86_64.manylinux1_x86_64.musllinux_1_1_x86_64.whl", hash = "sha256:52e48c08110f2988a9761a5a383f7ae35b1e8e06a140e320d18386d3510697ed"},
    {file = "patchelf-0.15.0.0.tar.gz", hash = "sha256:0f8dcf0df0ba919ce37e8aef67a08bde5326897098451df94ab3a5eedc9e08d9"},
]
portablemc = [
    {file = "portablemc-3.1.1-py3-none-any.whl", hash = "sha256:62af6f64533a304520c7d2e646553cb867d3c9a9a659fb3b5c538ecfc2d131b3"},
    {file = "portablemc-3.1.1.tar.gz", hash = "sha256:3ea5f66dc936d3aa6782d91a21b9f1e6cd66ef97ef8e7b8e3ded54224406b37a"},
]
portablemc-fabric = [
    {file = "portablemc-fabric-2.0.1.tar.gz", hash = "sha256:5dbfd59f34dd7389dd6b03a09d1899f5eac0a7eb09f6dbb2a7b344389bc33c13"},
    {file = "portablemc_fabric-2.0.1-py3-none-any.whl", hash = "sha256:32f9094e69c8b13f975c4d2a4b3c265eaa75c2af1f2a55c7f2a913c9041ed25a"},
]
portablemc-forge = [
    {file = "portablemc-forge-2.0.1.tar.gz", hash = "sha256:3c87bda4829ebc1e547873804408ff68670ede5bcea7a6a70860ff761e08724c"},
    {file = "portablemc_forge-2.0.1-py3-none-any.whl", hash = "sha256:064bb050d74c19aab9f4cbb7b41eced6416880bc56af5350fc4cf006031d8a8a"},
]
portablemc-quilt = [
    {file = "portablemc-quilt-1.0.0.tar.gz", hash = "sha256:9eef98a3a953d9e367b26d8044b256ca722817104747469bbff2911d1d1b6466"},
    {file = "portablemc_quilt-1.0.0-py3-none-any.whl", hash = "sha256:e0f47f11609503a79383b8fcdd20301e092eb41f112cd4cefb2e089b6f18bb9b"},
]
pynvim = [
    {file = "pynvim-0.4.3.tar.gz", hash = "sha256:3a795378bde5e8092fbeb3a1a99be9c613d2685542f1db0e5c6fd467eed56dff"},
]
pyparsing = [
    {file = "pyparsing-3.0.9-py3-none-any.whl", hash = "sha256:5026bae9a10eeaefb61dab2f09052b9f4307d44aee4eda64b309723d8d206bbc"},
    {file = "pyparsing-3.0.9.tar.gz", hash = "sha256:2b020ecf7d21b687f219b71ecad3631f644a47f01403fa1d1036b0c6416d70fb"},
]
requests = [
    {file = "requests-2.28.1-py3-none-any.whl", hash = "sha256:8fefa2a1a1365bf5520aac41836fbee479da67864514bdb821f31ce07ce65349"},
    {file = "requests-2.28.1.tar.gz", hash = "sha256:7c5599b102feddaa661c826c56ab4fee28bfd17f5abca1ebbe3e7f19d7c97983"},
]
setuptools = [
    {file = "setuptools-60.10.0-py3-none-any.whl", hash = "sha256:782ef48d58982ddb49920c11a0c5c9c0b02e7d7d1c2ad0aa44e1a1e133051c96"},
    {file = "setuptools-60.10.0.tar.gz", hash = "sha256:6599055eeb23bfef457d5605d33a4d68804266e6cb430b0fb12417c5efeae36c"},
]
urllib3 = [
    {file = "urllib3-1.26.12-py2.py3-none-any.whl", hash = "sha256:b930dd878d5a8afb066a637fbb35144fe7901e3b209d1cd4f524bd0e9deee997"},
    {file = "urllib3-1.26.12.tar.gz", hash = "sha256:3fa96cf423e6987997fc326ae8df396db2a8b7c667747d47ddd8ecba91f4a74e"},
]
xmltodict = [
    {file = "xmltodict-0.13.0-py2.py3-none-any.whl", hash = "sha256:aa89e8fd76320154a40d19a0df04a4695fb9dc5ba977cbb68ab3e4eb225e7852"},
    {file = "xmltodict-0.13.0.tar.gz", hash = "sha256:341595a488e3e01a85a9d8911d8912fd922ede5fecc4dce437eb4b6c8d037e56"},
]
